
Microsoft Visual Studio Solution File, Format Version 12.00
# Visual Studio Version 16
VisualStudioVersion = 16.0.810.19
MinimumVisualStudioVersion = 10.0.40219.1
Project("{FAE04EC0-301F-11D3-BF4B-00C04F79EFBC}") = "oppclass", "oppclass.csproj", "{7667B3D5-F137-45DB-8E3B-66E2F22521BF}"
EndProject
Project("{2150E333-8FDC-42A3-9474-1A3956D46DE8}") = "Solution Items", "Solution Items", "{3D122C67-C699-48E2-AC1F-DD974CA5FA4A}"
EndProject
Project("{2150E333-8FDC-42A3-9474-1A3956D46DE8}") = "Models", "Models", "{752E72DA-9060-4D72-83BD-99239992EC03}"
EndProject
Global
	GlobalSection(SolutionConfigurationPlatforms) = preSolution
		Debug|Any CPU = Debug|Any CPU
		Release|Any CPU = Release|Any CPU
	EndGlobalSection
	GlobalSection(ProjectConfigurationPlatforms) = postSolution
		{7667B3D5-F137-45DB-8E3B-66E2F22521BF}.Debug|Any CPU.ActiveCfg = Debug|Any CPU
		{7667B3D5-F137-45DB-8E3B-66E2F22521BF}.Debug|Any CPU.Build.0 = Debug|Any CPU
		{7667B3D5-F137-45DB-8E3B-66E2F22521BF}.Release|Any CPU.ActiveCfg = Release|Any CPU
		{7667B3D5-F137-45DB-8E3B-66E2F22521BF}.Release|Any CPU.Build.0 = Release|Any CPU
	EndGlobalSection
	GlobalSection(SolutionProperties) = preSolution
		HideSolutionNode = FALSE
	EndGlobalSection
	GlobalSection(ExtensibilityGlobals) = postSolution
		SolutionGuid = {CA139D70-7E63-4AC3-91D9-EE618301F9B2}
	EndGlobalSection
EndGlobal
